// !$*UTF8*$!
{
	archiveVersion = 1;
	classes = {
	};
	objectVersion = 55;
	objects = {

/* Begin PBXBuildFile section */
		CB152039279B1C9D009BD006 /* CatalogItemView.swift in Sources */ = {isa = PBXBuildFile; fileRef = CB152038279B1C9D009BD006 /* CatalogItemView.swift */; };
		CB15203B279B4D2C009BD006 /* ItemView.swift in Sources */ = {isa = PBXBuildFile; fileRef = CB15203A279B4D2C009BD006 /* ItemView.swift */; };
		CB15203D279B69C1009BD006 /* ItemViewController.swift in Sources */ = {isa = PBXBuildFile; fileRef = CB15203C279B69C1009BD006 /* ItemViewController.swift */; };
		CB6A8AB0279720820035C4D5 /* MenuView.swift in Sources */ = {isa = PBXBuildFile; fileRef = CB6A8AAF279720820035C4D5 /* MenuView.swift */; };
		CB6A8AB4279724B60035C4D5 /* MenuViewController.swift in Sources */ = {isa = PBXBuildFile; fileRef = CB6A8AB3279724B60035C4D5 /* MenuViewController.swift */; };
		CBC17B23278B2A4B00339DE1 /* AppDelegate.swift in Sources */ = {isa = PBXBuildFile; fileRef = CBC17B22278B2A4B00339DE1 /* AppDelegate.swift */; };
		CBC17B25278B2A4B00339DE1 /* SceneDelegate.swift in Sources */ = {isa = PBXBuildFile; fileRef = CBC17B24278B2A4B00339DE1 /* SceneDelegate.swift */; };
		CBC17B27278B2A4B00339DE1 /* CatalogViewController.swift in Sources */ = {isa = PBXBuildFile; fileRef = CBC17B26278B2A4B00339DE1 /* CatalogViewController.swift */; };
		CBC17B2C278B2A5000339DE1 /* Assets.xcassets in Resources */ = {isa = PBXBuildFile; fileRef = CBC17B2B278B2A5000339DE1 /* Assets.xcassets */; };
		CBC17B2F278B2A5000339DE1 /* LaunchScreen.storyboard in Resources */ = {isa = PBXBuildFile; fileRef = CBC17B2D278B2A5000339DE1 /* LaunchScreen.storyboard */; };
		CBC17B37278B319C00339DE1 /* Item.swift in Sources */ = {isa = PBXBuildFile; fileRef = CBC17B36278B319C00339DE1 /* Item.swift */; };
		CBC17B39278B42FF00339DE1 /* CatalogView.swift in Sources */ = {isa = PBXBuildFile; fileRef = CBC17B38278B42FF00339DE1 /* CatalogView.swift */; };
		CBD8CAED2793273F00D04571 /* GoogleApiClient.swift in Sources */ = {isa = PBXBuildFile; fileRef = CBD8CAEC2793273F00D04571 /* GoogleApiClient.swift */; };
/* End PBXBuildFile section */

/* Begin PBXCopyFilesBuildPhase section */
		CB2B8038278DF4F200197BCC /* Embed Frameworks */ = {
			isa = PBXCopyFilesBuildPhase;
			buildActionMask = 2147483647;
			dstPath = "";
			dstSubfolderSpec = 10;
			files = (
			);
			name = "Embed Frameworks";
			runOnlyForDeploymentPostprocessing = 0;
		};
/* End PBXCopyFilesBuildPhase section */

/* Begin PBXFileReference section */
		0AB75A90941D75B3B783697A /* Pods-OnlineShop.debug.xcconfig */ = {isa = PBXFileReference; includeInIndex = 1; lastKnownFileType = text.xcconfig; name = "Pods-OnlineShop.debug.xcconfig"; path = "Target Support Files/Pods-OnlineShop/Pods-OnlineShop.debug.xcconfig"; sourceTree = "<group>"; };
		C657ADF5AE136E7BD0C9F68D /* Pods-OnlineShop.release.xcconfig */ = {isa = PBXFileReference; includeInIndex = 1; lastKnownFileType = text.xcconfig; name = "Pods-OnlineShop.release.xcconfig"; path = "Target Support Files/Pods-OnlineShop/Pods-OnlineShop.release.xcconfig"; sourceTree = "<group>"; };
		CB152038279B1C9D009BD006 /* CatalogItemView.swift */ = {isa = PBXFileReference; lastKnownFileType = sourcecode.swift; path = CatalogItemView.swift; sourceTree = "<group>"; };
		CB15203A279B4D2C009BD006 /* ItemView.swift */ = {isa = PBXFileReference; lastKnownFileType = sourcecode.swift; path = ItemView.swift; sourceTree = "<group>"; };
		CB15203C279B69C1009BD006 /* ItemViewController.swift */ = {isa = PBXFileReference; lastKnownFileType = sourcecode.swift; path = ItemViewController.swift; sourceTree = "<group>"; };
		CB6A8AAF279720820035C4D5 /* MenuView.swift */ = {isa = PBXFileReference; lastKnownFileType = sourcecode.swift; path = MenuView.swift; sourceTree = "<group>"; };
		CB6A8AB3279724B60035C4D5 /* MenuViewController.swift */ = {isa = PBXFileReference; lastKnownFileType = sourcecode.swift; path = MenuViewController.swift; sourceTree = "<group>"; };
		CBC17B1F278B2A4B00339DE1 /* OnlineShop.app */ = {isa = PBXFileReference; explicitFileType = wrapper.application; includeInIndex = 0; path = OnlineShop.app; sourceTree = BUILT_PRODUCTS_DIR; };
		CBC17B22278B2A4B00339DE1 /* AppDelegate.swift */ = {isa = PBXFileReference; lastKnownFileType = sourcecode.swift; path = AppDelegate.swift; sourceTree = "<group>"; };
		CBC17B24278B2A4B00339DE1 /* SceneDelegate.swift */ = {isa = PBXFileReference; lastKnownFileType = sourcecode.swift; path = SceneDelegate.swift; sourceTree = "<group>"; };
		CBC17B26278B2A4B00339DE1 /* CatalogViewController.swift */ = {isa = PBXFileReference; lastKnownFileType = sourcecode.swift; path = CatalogViewController.swift; sourceTree = "<group>"; };
		CBC17B2B278B2A5000339DE1 /* Assets.xcassets */ = {isa = PBXFileReference; lastKnownFileType = folder.assetcatalog; path = Assets.xcassets; sourceTree = "<group>"; };
		CBC17B2E278B2A5000339DE1 /* Base */ = {isa = PBXFileReference; lastKnownFileType = file.storyboard; name = Base; path = Base.lproj/LaunchScreen.storyboard; sourceTree = "<group>"; };
		CBC17B30278B2A5000339DE1 /* Info.plist */ = {isa = PBXFileReference; lastKnownFileType = text.plist.xml; path = Info.plist; sourceTree = "<group>"; };
		CBC17B36278B319C00339DE1 /* Item.swift */ = {isa = PBXFileReference; lastKnownFileType = sourcecode.swift; path = Item.swift; sourceTree = "<group>"; };
		CBC17B38278B42FF00339DE1 /* CatalogView.swift */ = {isa = PBXFileReference; lastKnownFileType = sourcecode.swift; path = CatalogView.swift; sourceTree = "<group>"; };
		CBD8CAEC2793273F00D04571 /* GoogleApiClient.swift */ = {isa = PBXFileReference; lastKnownFileType = sourcecode.swift; path = GoogleApiClient.swift; sourceTree = "<group>"; };
/* End PBXFileReference section */

/* Begin PBXFrameworksBuildPhase section */
		CBC17B1C278B2A4B00339DE1 /* Frameworks */ = {
			isa = PBXFrameworksBuildPhase;
			buildActionMask = 2147483647;
			files = (
			);
			runOnlyForDeploymentPostprocessing = 0;
		};
/* End PBXFrameworksBuildPhase section */

/* Begin PBXGroup section */
		4E6FB55F99DD488FA2012BCC /* Pods */ = {
			isa = PBXGroup;
			children = (
				0AB75A90941D75B3B783697A /* Pods-OnlineShop.debug.xcconfig */,
				C657ADF5AE136E7BD0C9F68D /* Pods-OnlineShop.release.xcconfig */,
			);
			path = Pods;
			sourceTree = "<group>";
		};
		A90116C538285B9E03309714 /* Frameworks */ = {
			isa = PBXGroup;
			children = (
			);
			name = Frameworks;
			sourceTree = "<group>";
		};
		CBC17B16278B2A4B00339DE1 = {
			isa = PBXGroup;
			children = (
				CBC17B21278B2A4B00339DE1 /* OnlineShop */,
				CBC17B20278B2A4B00339DE1 /* Products */,
				4E6FB55F99DD488FA2012BCC /* Pods */,
				A90116C538285B9E03309714 /* Frameworks */,
			);
			sourceTree = "<group>";
		};
		CBC17B20278B2A4B00339DE1 /* Products */ = {
			isa = PBXGroup;
			children = (
				CBC17B1F278B2A4B00339DE1 /* OnlineShop.app */,
			);
			name = Products;
			sourceTree = "<group>";
		};
		CBC17B21278B2A4B00339DE1 /* OnlineShop */ = {
			isa = PBXGroup;
			children = (
				CBC17B3C278B432B00339DE1 /* Model */,
				CBC17B3B278B432400339DE1 /* View */,
				CBC17B3A278B430A00339DE1 /* ViewControllers */,
				CBC17B3D278B433700339DE1 /* SupportingFiles */,
				CBC17B2D278B2A5000339DE1 /* LaunchScreen.storyboard */,
				CBC17B2B278B2A5000339DE1 /* Assets.xcassets */,
				CBC17B30278B2A5000339DE1 /* Info.plist */,
			);
			path = OnlineShop;
			sourceTree = "<group>";
		};
		CBC17B3A278B430A00339DE1 /* ViewControllers */ = {
			isa = PBXGroup;
			children = (
				CB6A8AB3279724B60035C4D5 /* MenuViewController.swift */,
				CBC17B26278B2A4B00339DE1 /* CatalogViewController.swift */,
				CB15203C279B69C1009BD006 /* ItemViewController.swift */,
			);
			path = ViewControllers;
			sourceTree = "<group>";
		};
		CBC17B3B278B432400339DE1 /* View */ = {
			isa = PBXGroup;
			children = (
				CB6A8AAF279720820035C4D5 /* MenuView.swift */,
				CBC17B38278B42FF00339DE1 /* CatalogView.swift */,
				CB152038279B1C9D009BD006 /* CatalogItemView.swift */,
				CB15203A279B4D2C009BD006 /* ItemView.swift */,
			);
			path = View;
			sourceTree = "<group>";
		};
		CBC17B3C278B432B00339DE1 /* Model */ = {
			isa = PBXGroup;
			children = (
				CBC17B36278B319C00339DE1 /* Item.swift */,
				CBD8CAEC2793273F00D04571 /* GoogleApiClient.swift */,
			);
			path = Model;
			sourceTree = "<group>";
		};
		CBC17B3D278B433700339DE1 /* SupportingFiles */ = {
			isa = PBXGroup;
			children = (
				CBC17B22278B2A4B00339DE1 /* AppDelegate.swift */,
				CBC17B24278B2A4B00339DE1 /* SceneDelegate.swift */,
			);
			path = SupportingFiles;
			sourceTree = "<group>";
		};
/* End PBXGroup section */

/* Begin PBXNativeTarget section */
		CBC17B1E278B2A4B00339DE1 /* OnlineShop */ = {
			isa = PBXNativeTarget;
			buildConfigurationList = CBC17B33278B2A5000339DE1 /* Build configuration list for PBXNativeTarget "OnlineShop" */;
			buildPhases = (
				0A977AEB70BAE74DBBE1D320 /* [CP] Check Pods Manifest.lock */,
				CBC17B1B278B2A4B00339DE1 /* Sources */,
				CBC17B1C278B2A4B00339DE1 /* Frameworks */,
				CBC17B1D278B2A4B00339DE1 /* Resources */,
				CB2B8038278DF4F200197BCC /* Embed Frameworks */,
				CB0DAA600F31EA1A827F91CD /* [CP] Embed Pods Frameworks */,
			);
			buildRules = (
			);
			dependencies = (
			);
			name = OnlineShop;
			productName = OnlineShop;
			productReference = CBC17B1F278B2A4B00339DE1 /* OnlineShop.app */;
			productType = "com.apple.product-type.application";
		};
/* End PBXNativeTarget section */

/* Begin PBXProject section */
		CBC17B17278B2A4B00339DE1 /* Project object */ = {
			isa = PBXProject;
			attributes = {
				BuildIndependentTargetsInParallel = 1;
				LastSwiftUpdateCheck = 1320;
				LastUpgradeCheck = 1320;
				TargetAttributes = {
					CBC17B1E278B2A4B00339DE1 = {
						CreatedOnToolsVersion = 13.2;
					};
				};
			};
			buildConfigurationList = CBC17B1A278B2A4B00339DE1 /* Build configuration list for PBXProject "OnlineShop" */;
			compatibilityVersion = "Xcode 13.0";
			developmentRegion = en;
			hasScannedForEncodings = 0;
			knownRegions = (
				en,
				Base,
			);
			mainGroup = CBC17B16278B2A4B00339DE1;
			productRefGroup = CBC17B20278B2A4B00339DE1 /* Products */;
			projectDirPath = "";
			projectRoot = "";
			targets = (
				CBC17B1E278B2A4B00339DE1 /* OnlineShop */,
			);
		};
/* End PBXProject section */

/* Begin PBXResourcesBuildPhase section */
		CBC17B1D278B2A4B00339DE1 /* Resources */ = {
			isa = PBXResourcesBuildPhase;
			buildActionMask = 2147483647;
			files = (
				CBC17B2F278B2A5000339DE1 /* LaunchScreen.storyboard in Resources */,
				CBC17B2C278B2A5000339DE1 /* Assets.xcassets in Resources */,
			);
			runOnlyForDeploymentPostprocessing = 0;
		};
/* End PBXResourcesBuildPhase section */

/* Begin PBXShellScriptBuildPhase section */
		0A977AEB70BAE74DBBE1D320 /* [CP] Check Pods Manifest.lock */ = {
			isa = PBXShellScriptBuildPhase;
			buildActionMask = 2147483647;
			files = (
			);
			inputFileListPaths = (
			);
			inputPaths = (
				"${PODS_PODFILE_DIR_PATH}/Podfile.lock",
				"${PODS_ROOT}/Manifest.lock",
			);
			name = "[CP] Check Pods Manifest.lock";
			outputFileListPaths = (
			);
			outputPaths = (
				"$(DERIVED_FILE_DIR)/Pods-OnlineShop-checkManifestLockResult.txt",
			);
			runOnlyForDeploymentPostprocessing = 0;
			shellPath = /bin/sh;
			shellScript = "diff \"${PODS_PODFILE_DIR_PATH}/Podfile.lock\" \"${PODS_ROOT}/Manifest.lock\" > /dev/null\nif [ $? != 0 ] ; then\n    # print error to STDERR\n    echo \"error: The sandbox is not in sync with the Podfile.lock. Run 'pod install' or update your CocoaPods installation.\" >&2\n    exit 1\nfi\n# This output is used by Xcode 'outputs' to avoid re-running this script phase.\necho \"SUCCESS\" > \"${SCRIPT_OUTPUT_FILE_0}\"\n";
			showEnvVarsInLog = 0;
		};
		CB0DAA600F31EA1A827F91CD /* [CP] Embed Pods Frameworks */ = {
			isa = PBXShellScriptBuildPhase;
			buildActionMask = 2147483647;
			files = (
			);
			inputFileListPaths = (
				"${PODS_ROOT}/Target Support Files/Pods-OnlineShop/Pods-OnlineShop-frameworks-${CONFIGURATION}-input-files.xcfilelist",
			);
			name = "[CP] Embed Pods Frameworks";
			outputFileListPaths = (
				"${PODS_ROOT}/Target Support Files/Pods-OnlineShop/Pods-OnlineShop-frameworks-${CONFIGURATION}-output-files.xcfilelist",
			);
			runOnlyForDeploymentPostprocessing = 0;
			shellPath = /bin/sh;
			shellScript = "\"${PODS_ROOT}/Target Support Files/Pods-OnlineShop/Pods-OnlineShop-frameworks.sh\"\n";
			showEnvVarsInLog = 0;
		};
/* End PBXShellScriptBuildPhase section */

/* Begin PBXSourcesBuildPhase section */
		CBC17B1B278B2A4B00339DE1 /* Sources */ = {
			isa = PBXSourcesBuildPhase;
			buildActionMask = 2147483647;
			files = (
				CB15203D279B69C1009BD006 /* ItemViewController.swift in Sources */,
				CBC17B27278B2A4B00339DE1 /* CatalogViewController.swift in Sources */,
				CBC17B39278B42FF00339DE1 /* CatalogView.swift in Sources */,
				CB6A8AB0279720820035C4D5 /* MenuView.swift in Sources */,
				CB15203B279B4D2C009BD006 /* ItemView.swift in Sources */,
				CBC17B37278B319C00339DE1 /* Item.swift in Sources */,
				CBC17B23278B2A4B00339DE1 /* AppDelegate.swift in Sources */,
				CB152039279B1C9D009BD006 /* CatalogItemView.swift in Sources */,
				CBC17B25278B2A4B00339DE1 /* SceneDelegate.swift in Sources */,
				CBD8CAED2793273F00D04571 /* GoogleApiClient.swift in Sources */,
				CB6A8AB4279724B60035C4D5 /* MenuViewController.swift in Sources */,
			);
			runOnlyForDeploymentPostprocessing = 0;
		};
/* End PBXSourcesBuildPhase section */

/* Begin PBXVariantGroup section */
		CBC17B2D278B2A5000339DE1 /* LaunchScreen.storyboard */ = {
			isa = PBXVariantGroup;
			children = (
				CBC17B2E278B2A5000339DE1 /* Base */,
			);
			name = LaunchScreen.storyboard;
			sourceTree = "<group>";
		};
/* End PBXVariantGroup section */

/* Begin XCBuildConfiguration section */
		CBC17B31278B2A5000339DE1 /* Debug */ = {
			isa = XCBuildConfiguration;
			buildSettings = {
				ALWAYS_SEARCH_USER_PATHS = NO;
				CLANG_ANALYZER_NONNULL = YES;
				CLANG_ANALYZER_NUMBER_OBJECT_CONVERSION = YES_AGGRESSIVE;
				CLANG_CXX_LANGUAGE_STANDARD = "gnu++17";
				CLANG_CXX_LIBRARY = "libc++";
				CLANG_ENABLE_MODULES = YES;
				CLANG_ENABLE_OBJC_ARC = YES;
				CLANG_ENABLE_OBJC_WEAK = YES;
				CLANG_WARN_BLOCK_CAPTURE_AUTORELEASING = YES;
				CLANG_WARN_BOOL_CONVERSION = YES;
				CLANG_WARN_COMMA = YES;
				CLANG_WARN_CONSTANT_CONVERSION = YES;
				CLANG_WARN_DEPRECATED_OBJC_IMPLEMENTATIONS = YES;
				CLANG_WARN_DIRECT_OBJC_ISA_USAGE = YES_ERROR;
				CLANG_WARN_DOCUMENTATION_COMMENTS = YES;
				CLANG_WARN_EMPTY_BODY = YES;
				CLANG_WARN_ENUM_CONVERSION = YES;
				CLANG_WARN_INFINITE_RECURSION = YES;
				CLANG_WARN_INT_CONVERSION = YES;
				CLANG_WARN_NON_LITERAL_NULL_CONVERSION = YES;
				CLANG_WARN_OBJC_IMPLICIT_RETAIN_SELF = YES;
				CLANG_WARN_OBJC_LITERAL_CONVERSION = YES;
				CLANG_WARN_OBJC_ROOT_CLASS = YES_ERROR;
				CLANG_WARN_QUOTED_INCLUDE_IN_FRAMEWORK_HEADER = YES;
				CLANG_WARN_RANGE_LOOP_ANALYSIS = YES;
				CLANG_WARN_STRICT_PROTOTYPES = YES;
				CLANG_WARN_SUSPICIOUS_MOVE = YES;
				CLANG_WARN_UNGUARDED_AVAILABILITY = YES_AGGRESSIVE;
				CLANG_WARN_UNREACHABLE_CODE = YES;
				CLANG_WARN__DUPLICATE_METHOD_MATCH = YES;
				COPY_PHASE_STRIP = NO;
				DEBUG_INFORMATION_FORMAT = dwarf;
				ENABLE_STRICT_OBJC_MSGSEND = YES;
				ENABLE_TESTABILITY = YES;
				GCC_C_LANGUAGE_STANDARD = gnu11;
				GCC_DYNAMIC_NO_PIC = NO;
				GCC_NO_COMMON_BLOCKS = YES;
				GCC_OPTIMIZATION_LEVEL = 0;
				GCC_PREPROCESSOR_DEFINITIONS = (
					"DEBUG=1",
					"$(inherited)",
				);
				GCC_WARN_64_TO_32_BIT_CONVERSION = YES;
				GCC_WARN_ABOUT_RETURN_TYPE = YES_ERROR;
				GCC_WARN_UNDECLARED_SELECTOR = YES;
				GCC_WARN_UNINITIALIZED_AUTOS = YES_AGGRESSIVE;
				GCC_WARN_UNUSED_FUNCTION = YES;
				GCC_WARN_UNUSED_VARIABLE = YES;
				IPHONEOS_DEPLOYMENT_TARGET = 15.2;
				MTL_ENABLE_DEBUG_INFO = INCLUDE_SOURCE;
				MTL_FAST_MATH = YES;
				ONLY_ACTIVE_ARCH = YES;
				SDKROOT = iphoneos;
				SWIFT_ACTIVE_COMPILATION_CONDITIONS = DEBUG;
				SWIFT_OPTIMIZATION_LEVEL = "-Onone";
			};
			name = Debug;
		};
		CBC17B32278B2A5000339DE1 /* Release */ = {
			isa = XCBuildConfiguration;
			buildSettings = {
				ALWAYS_SEARCH_USER_PATHS = NO;
				CLANG_ANALYZER_NONNULL = YES;
				CLANG_ANALYZER_NUMBER_OBJECT_CONVERSION = YES_AGGRESSIVE;
				CLANG_CXX_LANGUAGE_STANDARD = "gnu++17";
				CLANG_CXX_LIBRARY = "libc++";
				CLANG_ENABLE_MODULES = YES;
				CLANG_ENABLE_OBJC_ARC = YES;
				CLANG_ENABLE_OBJC_WEAK = YES;
				CLANG_WARN_BLOCK_CAPTURE_AUTORELEASING = YES;
				CLANG_WARN_BOOL_CONVERSION = YES;
				CLANG_WARN_COMMA = YES;
				CLANG_WARN_CONSTANT_CONVERSION = YES;
				CLANG_WARN_DEPRECATED_OBJC_IMPLEMENTATIONS = YES;
				CLANG_WARN_DIRECT_OBJC_ISA_USAGE = YES_ERROR;
				CLANG_WARN_DOCUMENTATION_COMMENTS = YES;
				CLANG_WARN_EMPTY_BODY = YES;
				CLANG_WARN_ENUM_CONVERSION = YES;
				CLANG_WARN_INFINITE_RECURSION = YES;
				CLANG_WARN_INT_CONVERSION = YES;
				CLANG_WARN_NON_LITERAL_NULL_CONVERSION = YES;
				CLANG_WARN_OBJC_IMPLICIT_RETAIN_SELF = YES;
				CLANG_WARN_OBJC_LITERAL_CONVERSION = YES;
				CLANG_WARN_OBJC_ROOT_CLASS = YES_ERROR;
				CLANG_WARN_QUOTED_INCLUDE_IN_FRAMEWORK_HEADER = YES;
				CLANG_WARN_RANGE_LOOP_ANALYSIS = YES;
				CLANG_WARN_STRICT_PROTOTYPES = YES;
				CLANG_WARN_SUSPICIOUS_MOVE = YES;
				CLANG_WARN_UNGUARDED_AVAILABILITY = YES_AGGRESSIVE;
				CLANG_WARN_UNREACHABLE_CODE = YES;
				CLANG_WARN__DUPLICATE_METHOD_MATCH = YES;
				COPY_PHASE_STRIP = NO;
				DEBUG_INFORMATION_FORMAT = "dwarf-with-dsym";
				ENABLE_NS_ASSERTIONS = NO;
				ENABLE_STRICT_OBJC_MSGSEND = YES;
				GCC_C_LANGUAGE_STANDARD = gnu11;
				GCC_NO_COMMON_BLOCKS = YES;
				GCC_WARN_64_TO_32_BIT_CONVERSION = YES;
				GCC_WARN_ABOUT_RETURN_TYPE = YES_ERROR;
				GCC_WARN_UNDECLARED_SELECTOR = YES;
				GCC_WARN_UNINITIALIZED_AUTOS = YES_AGGRESSIVE;
				GCC_WARN_UNUSED_FUNCTION = YES;
				GCC_WARN_UNUSED_VARIABLE = YES;
				IPHONEOS_DEPLOYMENT_TARGET = 15.2;
				MTL_ENABLE_DEBUG_INFO = NO;
				MTL_FAST_MATH = YES;
				SDKROOT = iphoneos;
				SWIFT_COMPILATION_MODE = wholemodule;
				SWIFT_OPTIMIZATION_LEVEL = "-O";
				VALIDATE_PRODUCT = YES;
			};
			name = Release;
		};
		CBC17B34278B2A5000339DE1 /* Debug */ = {
			isa = XCBuildConfiguration;
			baseConfigurationReference = 0AB75A90941D75B3B783697A /* Pods-OnlineShop.debug.xcconfig */;
			buildSettings = {
				ASSETCATALOG_COMPILER_APPICON_NAME = AppIcon;
				ASSETCATALOG_COMPILER_GLOBAL_ACCENT_COLOR_NAME = AccentColor;
				CODE_SIGN_STYLE = Automatic;
				CURRENT_PROJECT_VERSION = 1;
				DEVELOPMENT_TEAM = T7YWVGS7V5;
				GENERATE_INFOPLIST_FILE = YES;
				INFOPLIST_FILE = OnlineShop/Info.plist;
				INFOPLIST_KEY_UIApplicationSupportsIndirectInputEvents = YES;
				INFOPLIST_KEY_UILaunchStoryboardName = LaunchScreen;
				INFOPLIST_KEY_UISupportedInterfaceOrientations_iPad = "UIInterfaceOrientationPortrait UIInterfaceOrientationPortraitUpsideDown UIInterfaceOrientationLandscapeLeft UIInterfaceOrientationLandscapeRight";
				INFOPLIST_KEY_UISupportedInterfaceOrientations_iPhone = "UIInterfaceOrientationPortrait UIInterfaceOrientationLandscapeLeft UIInterfaceOrientationLandscapeRight";
				LD_RUNPATH_SEARCH_PATHS = (
					"$(inherited)",
					"@executable_path/Frameworks",
				);
				MARKETING_VERSION = 1.0;
				PRODUCT_BUNDLE_IDENTIFIER = ru.gellert.OnlineShop;
				PRODUCT_NAME = "$(TARGET_NAME)";
				SWIFT_EMIT_LOC_STRINGS = YES;
				SWIFT_VERSION = 5.0;
				TARGETED_DEVICE_FAMILY = "1,2";
			};
			name = Debug;
		};
		CBC17B35278B2A5000339DE1 /* Release */ = {
			isa = XCBuildConfiguration;
			baseConfigurationReference = C657ADF5AE136E7BD0C9F68D /* Pods-OnlineShop.release.xcconfig */;
			buildSettings = {
				ASSETCATALOG_COMPILER_APPICON_NAME = AppIcon;
				ASSETCATALOG_COMPILER_GLOBAL_ACCENT_COLOR_NAME = AccentColor;
				CODE_SIGN_STYLE = Automatic;
				CURRENT_PROJECT_VERSION = 1;
				DEVELOPMENT_TEAM = T7YWVGS7V5;
				GENERATE_INFOPLIST_FILE = YES;
				INFOPLIST_FILE = OnlineShop/Info.plist;
				INFOPLIST_KEY_UIApplicationSupportsIndirectInputEvents = YES;
				INFOPLIST_KEY_UILaunchStoryboardName = LaunchScreen;
				INFOPLIST_KEY_UISupportedInterfaceOrientations_iPad = "UIInterfaceOrientationPortrait UIInterfaceOrientationPortraitUpsideDown UIInterfaceOrientationLandscapeLeft UIInterfaceOrientationLandscapeRight";
				INFOPLIST_KEY_UISupportedInterfaceOrientations_iPhone = "UIInterfaceOrientationPortrait UIInterfaceOrientationLandscapeLeft UIInterfaceOrientationLandscapeRight";
				LD_RUNPATH_SEARCH_PATHS = (
					"$(inherited)",
					"@executable_path/Frameworks",
				);
				MARKETING_VERSION = 1.0;
				PRODUCT_BUNDLE_IDENTIFIER = ru.gellert.OnlineShop;
				PRODUCT_NAME = "$(TARGET_NAME)";
				SWIFT_EMIT_LOC_STRINGS = YES;
				SWIFT_VERSION = 5.0;
				TARGETED_DEVICE_FAMILY = "1,2";
			};
			name = Release;
		};
/* End XCBuildConfiguration section */

/* Begin XCConfigurationList section */
		CBC17B1A278B2A4B00339DE1 /* Build configuration list for PBXProject "OnlineShop" */ = {
			isa = XCConfigurationList;
			buildConfigurations = (
				CBC17B31278B2A5000339DE1 /* Debug */,
				CBC17B32278B2A5000339DE1 /* Release */,
			);
			defaultConfigurationIsVisible = 0;
			defaultConfigurationName = Release;
		};
		CBC17B33278B2A5000339DE1 /* Build configuration list for PBXNativeTarget "OnlineShop" */ = {
			isa = XCConfigurationList;
			buildConfigurations = (
				CBC17B34278B2A5000339DE1 /* Debug */,
				CBC17B35278B2A5000339DE1 /* Release */,
			);
			defaultConfigurationIsVisible = 0;
			defaultConfigurationName = Release;
		};
/* End XCConfigurationList section */
	};
	rootObject = CBC17B17278B2A4B00339DE1 /* Project object */;
}
